// !$*UTF8*$!
{
	archiveVersion = 1;
	classes = {
	};
	objectVersion = 46;
	objects = {

/* Begin PBXBuildFile section */
		23537EC31B312E2600099A37 /* AppDelegate.swift in Sources */ = {isa = PBXBuildFile; fileRef = 23537EC21B312E2600099A37 /* AppDelegate.swift */; };
		23537EC51B312E2600099A37 /* ViewController.swift in Sources */ = {isa = PBXBuildFile; fileRef = 23537EC41B312E2600099A37 /* ViewController.swift */; };
		23537EC81B312E2600099A37 /* Main.storyboard in Resources */ = {isa = PBXBuildFile; fileRef = 23537EC61B312E2600099A37 /* Main.storyboard */; };
		23537ECA1B312E2600099A37 /* Images.xcassets in Resources */ = {isa = PBXBuildFile; fileRef = 23537EC91B312E2600099A37 /* Images.xcassets */; };
		23537ECD1B312E2600099A37 /* LaunchScreen.xib in Resources */ = {isa = PBXBuildFile; fileRef = 23537ECB1B312E2600099A37 /* LaunchScreen.xib */; };
		23537ED91B312E2600099A37 /* Goal_appTests.swift in Sources */ = {isa = PBXBuildFile; fileRef = 23537ED81B312E2600099A37 /* Goal_appTests.swift */; };
		23537EE31B32AED600099A37 /* first_top.png in Resources */ = {isa = PBXBuildFile; fileRef = 23537EE21B32AED600099A37 /* first_top.png */; };
		23537EE51B32B17800099A37 /* PLAN.png in Resources */ = {isa = PBXBuildFile; fileRef = 23537EE41B32B17800099A37 /* PLAN.png */; };
		23537EE71B32B2D400099A37 /* TODAY.png in Resources */ = {isa = PBXBuildFile; fileRef = 23537EE61B32B2D400099A37 /* TODAY.png */; };
		23537EEA1B32B5AB00099A37 /* PLAN_back.png in Resources */ = {isa = PBXBuildFile; fileRef = 23537EE81B32B5AB00099A37 /* PLAN_back.png */; };
		23537EEB1B32B5AB00099A37 /* TODAY_back.png in Resources */ = {isa = PBXBuildFile; fileRef = 23537EE91B32B5AB00099A37 /* TODAY_back.png */; };
		23537EED1B32BAF300099A37 /* plan_kotoba.png in Resources */ = {isa = PBXBuildFile; fileRef = 23537EEC1B32BAF300099A37 /* plan_kotoba.png */; };
		23537EEF1B32BCF400099A37 /* Mokuyou.png in Resources */ = {isa = PBXBuildFile; fileRef = 23537EEE1B32BCF400099A37 /* Mokuyou.png */; };
		23537EF21B32C36E00099A37 /* kijitu.png in Resources */ = {isa = PBXBuildFile; fileRef = 23537EF01B32C36E00099A37 /* kijitu.png */; };
		23537EF31B32C36E00099A37 /* month.png in Resources */ = {isa = PBXBuildFile; fileRef = 23537EF11B32C36E00099A37 /* month.png */; };
		23537EF61B32C37C00099A37 /* suuti.png in Resources */ = {isa = PBXBuildFile; fileRef = 23537EF41B32C37C00099A37 /* suuti.png */; };
		23537EF71B32C37C00099A37 /* tanni.png in Resources */ = {isa = PBXBuildFile; fileRef = 23537EF51B32C37C00099A37 /* tanni.png */; };
		23537EF91B32C75200099A37 /* today_henkou.png in Resources */ = {isa = PBXBuildFile; fileRef = 23537EF81B32C75200099A37 /* today_henkou.png */; };
		23537EFB1B32C75F00099A37 /* today_nyuuyroku.png in Resources */ = {isa = PBXBuildFile; fileRef = 23537EFA1B32C75F00099A37 /* today_nyuuyroku.png */; };
		23537EFD1B32C8AC00099A37 /* 1day_.png in Resources */ = {isa = PBXBuildFile; fileRef = 23537EFC1B32C8AC00099A37 /* 1day_.png */; };
		23537EFF1B32C98600099A37 /* mokuhyoumade.png in Resources */ = {isa = PBXBuildFile; fileRef = 23537EFE1B32C98600099A37 /* mokuhyoumade.png */; };
		23537F011B32D18000099A37 /* change.png in Resources */ = {isa = PBXBuildFile; fileRef = 23537F001B32D18000099A37 /* change.png */; };
		23537F031B32D27E00099A37 /* change_back.png in Resources */ = {isa = PBXBuildFile; fileRef = 23537F021B32D27E00099A37 /* change_back.png */; };
		23537F051B32D9E300099A37 /* not-clear.png in Resources */ = {isa = PBXBuildFile; fileRef = 23537F041B32D9E300099A37 /* not-clear.png */; };
		23537F071B32DC0C00099A37 /* clear!.png in Resources */ = {isa = PBXBuildFile; fileRef = 23537F061B32DC0C00099A37 /* clear!.png */; };
/* End PBXBuildFile section */

/* Begin PBXContainerItemProxy section */
		23537ED31B312E2600099A37 /* PBXContainerItemProxy */ = {
			isa = PBXContainerItemProxy;
			containerPortal = 23537EB51B312E2600099A37 /* Project object */;
			proxyType = 1;
			remoteGlobalIDString = 23537EBC1B312E2600099A37;
			remoteInfo = Goal_app;
		};
/* End PBXContainerItemProxy section */

/* Begin PBXFileReference section */
		23537EBD1B312E2600099A37 /* Goal_app.app */ = {isa = PBXFileReference; explicitFileType = wrapper.application; includeInIndex = 0; path = Goal_app.app; sourceTree = BUILT_PRODUCTS_DIR; };
		23537EC11B312E2600099A37 /* Info.plist */ = {isa = PBXFileReference; lastKnownFileType = text.plist.xml; path = Info.plist; sourceTree = "<group>"; };
		23537EC21B312E2600099A37 /* AppDelegate.swift */ = {isa = PBXFileReference; lastKnownFileType = sourcecode.swift; path = AppDelegate.swift; sourceTree = "<group>"; };
		23537EC41B312E2600099A37 /* ViewController.swift */ = {isa = PBXFileReference; lastKnownFileType = sourcecode.swift; path = ViewController.swift; sourceTree = "<group>"; };
		23537EC71B312E2600099A37 /* Base */ = {isa = PBXFileReference; lastKnownFileType = file.storyboard; name = Base; path = Base.lproj/Main.storyboard; sourceTree = "<group>"; };
		23537EC91B312E2600099A37 /* Images.xcassets */ = {isa = PBXFileReference; lastKnownFileType = folder.assetcatalog; path = Images.xcassets; sourceTree = "<group>"; };
		23537ECC1B312E2600099A37 /* Base */ = {isa = PBXFileReference; lastKnownFileType = file.xib; name = Base; path = Base.lproj/LaunchScreen.xib; sourceTree = "<group>"; };
		23537ED21B312E2600099A37 /* Goal_appTests.xctest */ = {isa = PBXFileReference; explicitFileType = wrapper.cfbundle; includeInIndex = 0; path = Goal_appTests.xctest; sourceTree = BUILT_PRODUCTS_DIR; };
		23537ED71B312E2600099A37 /* Info.plist */ = {isa = PBXFileReference; lastKnownFileType = text.plist.xml; path = Info.plist; sourceTree = "<group>"; };
		23537ED81B312E2600099A37 /* Goal_appTests.swift */ = {isa = PBXFileReference; lastKnownFileType = sourcecode.swift; path = Goal_appTests.swift; sourceTree = "<group>"; };
		23537EE21B32AED600099A37 /* first_top.png */ = {isa = PBXFileReference; lastKnownFileType = image.png; path = first_top.png; sourceTree = "<group>"; };
		23537EE41B32B17800099A37 /* PLAN.png */ = {isa = PBXFileReference; lastKnownFileType = image.png; path = PLAN.png; sourceTree = "<group>"; };
		23537EE61B32B2D400099A37 /* TODAY.png */ = {isa = PBXFileReference; lastKnownFileType = image.png; path = TODAY.png; sourceTree = "<group>"; };
		23537EE81B32B5AB00099A37 /* PLAN_back.png */ = {isa = PBXFileReference; lastKnownFileType = image.png; path = PLAN_back.png; sourceTree = "<group>"; };
		23537EE91B32B5AB00099A37 /* TODAY_back.png */ = {isa = PBXFileReference; lastKnownFileType = image.png; path = TODAY_back.png; sourceTree = "<group>"; };
		23537EEC1B32BAF300099A37 /* plan_kotoba.png */ = {isa = PBXFileReference; lastKnownFileType = image.png; path = plan_kotoba.png; sourceTree = "<group>"; };
		23537EEE1B32BCF400099A37 /* Mokuyou.png */ = {isa = PBXFileReference; lastKnownFileType = image.png; path = Mokuyou.png; sourceTree = "<group>"; };
		23537EF01B32C36E00099A37 /* kijitu.png */ = {isa = PBXFileReference; lastKnownFileType = image.png; path = kijitu.png; sourceTree = "<group>"; };
		23537EF11B32C36E00099A37 /* month.png */ = {isa = PBXFileReference; lastKnownFileType = image.png; path = month.png; sourceTree = "<group>"; };
		23537EF41B32C37C00099A37 /* suuti.png */ = {isa = PBXFileReference; lastKnownFileType = image.png; path = suuti.png; sourceTree = "<group>"; };
		23537EF51B32C37C00099A37 /* tanni.png */ = {isa = PBXFileReference; lastKnownFileType = image.png; path = tanni.png; sourceTree = "<group>"; };
		23537EF81B32C75200099A37 /* today_henkou.png */ = {isa = PBXFileReference; lastKnownFileType = image.png; path = today_henkou.png; sourceTree = "<group>"; };
		23537EFA1B32C75F00099A37 /* today_nyuuyroku.png */ = {isa = PBXFileReference; lastKnownFileType = image.png; path = today_nyuuyroku.png; sourceTree = "<group>"; };
		23537EFC1B32C8AC00099A37 /* 1day_.png */ = {isa = PBXFileReference; lastKnownFileType = image.png; path = 1day_.png; sourceTree = "<group>"; };
		23537EFE1B32C98600099A37 /* mokuhyoumade.png */ = {isa = PBXFileReference; lastKnownFileType = image.png; path = mokuhyoumade.png; sourceTree = "<group>"; };
		23537F001B32D18000099A37 /* change.png */ = {isa = PBXFileReference; lastKnownFileType = image.png; path = change.png; sourceTree = "<group>"; };
		23537F021B32D27E00099A37 /* change_back.png */ = {isa = PBXFileReference; lastKnownFileType = image.png; path = change_back.png; sourceTree = "<group>"; };
		23537F041B32D9E300099A37 /* not-clear.png */ = {isa = PBXFileReference; lastKnownFileType = image.png; path = "not-clear.png"; sourceTree = "<group>"; };
		23537F061B32DC0C00099A37 /* clear!.png */ = {isa = PBXFileReference; lastKnownFileType = image.png; path = "clear!.png"; sourceTree = "<group>"; };
/* End PBXFileReference section */

/* Begin PBXFrameworksBuildPhase section */
		23537EBA1B312E2600099A37 /* Frameworks */ = {
			isa = PBXFrameworksBuildPhase;
			buildActionMask = 2147483647;
			files = (
			);
			runOnlyForDeploymentPostprocessing = 0;
		};
		23537ECF1B312E2600099A37 /* Frameworks */ = {
			isa = PBXFrameworksBuildPhase;
			buildActionMask = 2147483647;
			files = (
			);
			runOnlyForDeploymentPostprocessing = 0;
		};
/* End PBXFrameworksBuildPhase section */

/* Begin PBXGroup section */
		23537EB41B312E2600099A37 = {
			isa = PBXGroup;
			children = (
				23537EBF1B312E2600099A37 /* Goal_app */,
				23537ED51B312E2600099A37 /* Goal_appTests */,
				23537EBE1B312E2600099A37 /* Products */,
			);
			sourceTree = "<group>";
		};
		23537EBE1B312E2600099A37 /* Products */ = {
			isa = PBXGroup;
			children = (
				23537EBD1B312E2600099A37 /* Goal_app.app */,
				23537ED21B312E2600099A37 /* Goal_appTests.xctest */,
			);
			name = Products;
			sourceTree = "<group>";
		};
		23537EBF1B312E2600099A37 /* Goal_app */ = {
			isa = PBXGroup;
			children = (
				23537F061B32DC0C00099A37 /* clear!.png */,
				23537F041B32D9E300099A37 /* not-clear.png */,
				23537F021B32D27E00099A37 /* change_back.png */,
				23537F001B32D18000099A37 /* change.png */,
				23537EFE1B32C98600099A37 /* mokuhyoumade.png */,
				23537EFC1B32C8AC00099A37 /* 1day_.png */,
				23537EFA1B32C75F00099A37 /* today_nyuuyroku.png */,
				23537EF81B32C75200099A37 /* today_henkou.png */,
				23537EF41B32C37C00099A37 /* suuti.png */,
				23537EF51B32C37C00099A37 /* tanni.png */,
				23537EF01B32C36E00099A37 /* kijitu.png */,
				23537EF11B32C36E00099A37 /* month.png */,
				23537EEE1B32BCF400099A37 /* Mokuyou.png */,
				23537EEC1B32BAF300099A37 /* plan_kotoba.png */,
				23537EE81B32B5AB00099A37 /* PLAN_back.png */,
				23537EE91B32B5AB00099A37 /* TODAY_back.png */,
				23537EE61B32B2D400099A37 /* TODAY.png */,
				23537EE41B32B17800099A37 /* PLAN.png */,
				23537EE21B32AED600099A37 /* first_top.png */,
				23537EC21B312E2600099A37 /* AppDelegate.swift */,
				23537EC41B312E2600099A37 /* ViewController.swift */,
				23537EC61B312E2600099A37 /* Main.storyboard */,
				23537EC91B312E2600099A37 /* Images.xcassets */,
				23537ECB1B312E2600099A37 /* LaunchScreen.xib */,
				23537EC01B312E2600099A37 /* Supporting Files */,
			);
			path = Goal_app;
			sourceTree = "<group>";
		};
		23537EC01B312E2600099A37 /* Supporting Files */ = {
			isa = PBXGroup;
			children = (
				23537EC11B312E2600099A37 /* Info.plist */,
			);
			name = "Supporting Files";
			sourceTree = "<group>";
		};
		23537ED51B312E2600099A37 /* Goal_appTests */ = {
			isa = PBXGroup;
			children = (
				23537ED81B312E2600099A37 /* Goal_appTests.swift */,
				23537ED61B312E2600099A37 /* Supporting Files */,
			);
			path = Goal_appTests;
			sourceTree = "<group>";
		};
		23537ED61B312E2600099A37 /* Supporting Files */ = {
			isa = PBXGroup;
			children = (
				23537ED71B312E2600099A37 /* Info.plist */,
			);
			name = "Supporting Files";
			sourceTree = "<group>";
		};
/* End PBXGroup section */

/* Begin PBXNativeTarget section */
		23537EBC1B312E2600099A37 /* Goal_app */ = {
			isa = PBXNativeTarget;
			buildConfigurationList = 23537EDC1B312E2600099A37 /* Build configuration list for PBXNativeTarget "Goal_app" */;
			buildPhases = (
				23537EB91B312E2600099A37 /* Sources */,
				23537EBA1B312E2600099A37 /* Frameworks */,
				23537EBB1B312E2600099A37 /* Resources */,
			);
			buildRules = (
			);
			dependencies = (
			);
			name = Goal_app;
			productName = Goal_app;
			productReference = 23537EBD1B312E2600099A37 /* Goal_app.app */;
			productType = "com.apple.product-type.application";
		};
		23537ED11B312E2600099A37 /* Goal_appTests */ = {
			isa = PBXNativeTarget;
			buildConfigurationList = 23537EDF1B312E2600099A37 /* Build configuration list for PBXNativeTarget "Goal_appTests" */;
			buildPhases = (
				23537ECE1B312E2600099A37 /* Sources */,
				23537ECF1B312E2600099A37 /* Frameworks */,
				23537ED01B312E2600099A37 /* Resources */,
			);
			buildRules = (
			);
			dependencies = (
				23537ED41B312E2600099A37 /* PBXTargetDependency */,
			);
			name = Goal_appTests;
			productName = Goal_appTests;
			productReference = 23537ED21B312E2600099A37 /* Goal_appTests.xctest */;
			productType = "com.apple.product-type.bundle.unit-test";
		};
/* End PBXNativeTarget section */

/* Begin PBXProject section */
		23537EB51B312E2600099A37 /* Project object */ = {
			isa = PBXProject;
			attributes = {
				LastUpgradeCheck = 0630;
				ORGANIZATIONNAME = "Nozomi Sakamoto";
				TargetAttributes = {
					23537EBC1B312E2600099A37 = {
						CreatedOnToolsVersion = 6.3.1;
					};
					23537ED11B312E2600099A37 = {
						CreatedOnToolsVersion = 6.3.1;
						TestTargetID = 23537EBC1B312E2600099A37;
					};
				};
			};
			buildConfigurationList = 23537EB81B312E2600099A37 /* Build configuration list for PBXProject "Goal_app" */;
			compatibilityVersion = "Xcode 3.2";
			developmentRegion = English;
			hasScannedForEncodings = 0;
			knownRegions = (
				en,
				Base,
			);
			mainGroup = 23537EB41B312E2600099A37;
			productRefGroup = 23537EBE1B312E2600099A37 /* Products */;
			projectDirPath = "";
			projectRoot = "";
			targets = (
				23537EBC1B312E2600099A37 /* Goal_app */,
				23537ED11B312E2600099A37 /* Goal_appTests */,
			);
		};
/* End PBXProject section */

/* Begin PBXResourcesBuildPhase section */
		23537EBB1B312E2600099A37 /* Resources */ = {
			isa = PBXResourcesBuildPhase;
			buildActionMask = 2147483647;
			files = (
				23537EF71B32C37C00099A37 /* tanni.png in Resources */,
				23537EFF1B32C98600099A37 /* mokuhyoumade.png in Resources */,
				23537EFB1B32C75F00099A37 /* today_nyuuyroku.png in Resources */,
				23537EED1B32BAF300099A37 /* plan_kotoba.png in Resources */,
				23537F031B32D27E00099A37 /* change_back.png in Resources */,
				23537EC81B312E2600099A37 /* Main.storyboard in Resources */,
				23537EF31B32C36E00099A37 /* month.png in Resources */,
				23537F011B32D18000099A37 /* change.png in Resources */,
				23537EE71B32B2D400099A37 /* TODAY.png in Resources */,
				23537EEF1B32BCF400099A37 /* Mokuyou.png in Resources */,
				23537EF21B32C36E00099A37 /* kijitu.png in Resources */,
				23537F071B32DC0C00099A37 /* clear!.png in Resources */,
				23537F051B32D9E300099A37 /* not-clear.png in Resources */,
				23537EEB1B32B5AB00099A37 /* TODAY_back.png in Resources */,
				23537EFD1B32C8AC00099A37 /* 1day_.png in Resources */,
				23537ECD1B312E2600099A37 /* LaunchScreen.xib in Resources */,
				23537EF91B32C75200099A37 /* today_henkou.png in Resources */,
				23537EF61B32C37C00099A37 /* suuti.png in Resources */,
				23537EE51B32B17800099A37 /* PLAN.png in Resources */,
				23537EEA1B32B5AB00099A37 /* PLAN_back.png in Resources */,
				23537EE31B32AED600099A37 /* first_top.png in Resources */,
				23537ECA1B312E2600099A37 /* Images.xcassets in Resources */,
			);
			runOnlyForDeploymentPostprocessing = 0;
		};
		23537ED01B312E2600099A37 /* Resources */ = {
			isa = PBXResourcesBuildPhase;
			buildActionMask = 2147483647;
			files = (
			);
			runOnlyForDeploymentPostprocessing = 0;
		};
/* End PBXResourcesBuildPhase section */

/* Begin PBXSourcesBuildPhase section */
		23537EB91B312E2600099A37 /* Sources */ = {
			isa = PBXSourcesBuildPhase;
			buildActionMask = 2147483647;
			files = (
				23537EC51B312E2600099A37 /* ViewController.swift in Sources */,
				23537EC31B312E2600099A37 /* AppDelegate.swift in Sources */,
			);
			runOnlyForDeploymentPostprocessing = 0;
		};
		23537ECE1B312E2600099A37 /* Sources */ = {
			isa = PBXSourcesBuildPhase;
			buildActionMask = 2147483647;
			files = (
				23537ED91B312E2600099A37 /* Goal_appTests.swift in Sources */,
			);
			runOnlyForDeploymentPostprocessing = 0;
		};
/* End PBXSourcesBuildPhase section */

/* Begin PBXTargetDependency section */
		23537ED41B312E2600099A37 /* PBXTargetDependency */ = {
			isa = PBXTargetDependency;
			target = 23537EBC1B312E2600099A37 /* Goal_app */;
			targetProxy = 23537ED31B312E2600099A37 /* PBXContainerItemProxy */;
		};
/* End PBXTargetDependency section */

/* Begin PBXVariantGroup section */
		23537EC61B312E2600099A37 /* Main.storyboard */ = {
			isa = PBXVariantGroup;
			children = (
				23537EC71B312E2600099A37 /* Base */,
			);
			name = Main.storyboard;
			sourceTree = "<group>";
		};
		23537ECB1B312E2600099A37 /* LaunchScreen.xib */ = {
			isa = PBXVariantGroup;
			children = (
				23537ECC1B312E2600099A37 /* Base */,
			);
			name = LaunchScreen.xib;
			sourceTree = "<group>";
		};
/* End PBXVariantGroup section */

/* Begin XCBuildConfiguration section */
		23537EDA1B312E2600099A37 /* Debug */ = {
			isa = XCBuildConfiguration;
			buildSettings = {
				ALWAYS_SEARCH_USER_PATHS = NO;
				CLANG_CXX_LANGUAGE_STANDARD = "gnu++0x";
				CLANG_CXX_LIBRARY = "libc++";
				CLANG_ENABLE_MODULES = YES;
				CLANG_ENABLE_OBJC_ARC = YES;
				CLANG_WARN_BOOL_CONVERSION = YES;
				CLANG_WARN_CONSTANT_CONVERSION = YES;
				CLANG_WARN_DIRECT_OBJC_ISA_USAGE = YES_ERROR;
				CLANG_WARN_EMPTY_BODY = YES;
				CLANG_WARN_ENUM_CONVERSION = YES;
				CLANG_WARN_INT_CONVERSION = YES;
				CLANG_WARN_OBJC_ROOT_CLASS = YES_ERROR;
				CLANG_WARN_UNREACHABLE_CODE = YES;
				CLANG_WARN__DUPLICATE_METHOD_MATCH = YES;
				"CODE_SIGN_IDENTITY[sdk=iphoneos*]" = "iPhone Developer";
				COPY_PHASE_STRIP = NO;
				DEBUG_INFORMATION_FORMAT = "dwarf-with-dsym";
				ENABLE_STRICT_OBJC_MSGSEND = YES;
				GCC_C_LANGUAGE_STANDARD = gnu99;
				GCC_DYNAMIC_NO_PIC = NO;
				GCC_NO_COMMON_BLOCKS = YES;
				GCC_OPTIMIZATION_LEVEL = 0;
				GCC_PREPROCESSOR_DEFINITIONS = (
					"DEBUG=1",
					"$(inherited)",
				);
				GCC_SYMBOLS_PRIVATE_EXTERN = NO;
				GCC_WARN_64_TO_32_BIT_CONVERSION = YES;
				GCC_WARN_ABOUT_RETURN_TYPE = YES_ERROR;
				GCC_WARN_UNDECLARED_SELECTOR = YES;
				GCC_WARN_UNINITIALIZED_AUTOS = YES_AGGRESSIVE;
				GCC_WARN_UNUSED_FUNCTION = YES;
				GCC_WARN_UNUSED_VARIABLE = YES;
				IPHONEOS_DEPLOYMENT_TARGET = 8.3;
				MTL_ENABLE_DEBUG_INFO = YES;
				ONLY_ACTIVE_ARCH = YES;
				SDKROOT = iphoneos;
				SWIFT_OPTIMIZATION_LEVEL = "-Onone";
			};
			name = Debug;
		};
		23537EDB1B312E2600099A37 /* Release */ = {
			isa = XCBuildConfiguration;
			buildSettings = {
				ALWAYS_SEARCH_USER_PATHS = NO;
				CLANG_CXX_LANGUAGE_STANDARD = "gnu++0x";
				CLANG_CXX_LIBRARY = "libc++";
				CLANG_ENABLE_MODULES = YES;
				CLANG_ENABLE_OBJC_ARC = YES;
				CLANG_WARN_BOOL_CONVERSION = YES;
				CLANG_WARN_CONSTANT_CONVERSION = YES;
				CLANG_WARN_DIRECT_OBJC_ISA_USAGE = YES_ERROR;
				CLANG_WARN_EMPTY_BODY = YES;
				CLANG_WARN_ENUM_CONVERSION = YES;
				CLANG_WARN_INT_CONVERSION = YES;
				CLANG_WARN_OBJC_ROOT_CLASS = YES_ERROR;
				CLANG_WARN_UNREACHABLE_CODE = YES;
				CLANG_WARN__DUPLICATE_METHOD_MATCH = YES;
				"CODE_SIGN_IDENTITY[sdk=iphoneos*]" = "iPhone Developer";
				COPY_PHASE_STRIP = NO;
				DEBUG_INFORMATION_FORMAT = "dwarf-with-dsym";
				ENABLE_NS_ASSERTIONS = NO;
				ENABLE_STRICT_OBJC_MSGSEND = YES;
				GCC_C_LANGUAGE_STANDARD = gnu99;
				GCC_NO_COMMON_BLOCKS = YES;
				GCC_WARN_64_TO_32_BIT_CONVERSION = YES;
				GCC_WARN_ABOUT_RETURN_TYPE = YES_ERROR;
				GCC_WARN_UNDECLARED_SELECTOR = YES;
				GCC_WARN_UNINITIALIZED_AUTOS = YES_AGGRESSIVE;
				GCC_WARN_UNUSED_FUNCTION = YES;
				GCC_WARN_UNUSED_VARIABLE = YES;
				IPHONEOS_DEPLOYMENT_TARGET = 8.3;
				MTL_ENABLE_DEBUG_INFO = NO;
				SDKROOT = iphoneos;
				VALIDATE_PRODUCT = YES;
			};
			name = Release;
		};
		23537EDD1B312E2600099A37 /* Debug */ = {
			isa = XCBuildConfiguration;
			buildSettings = {
				ASSETCATALOG_COMPILER_APPICON_NAME = AppIcon;
				INFOPLIST_FILE = Goal_app/Info.plist;
				LD_RUNPATH_SEARCH_PATHS = "$(inherited) @executable_path/Frameworks";
				PRODUCT_NAME = "$(TARGET_NAME)";
			};
			name = Debug;
		};
		23537EDE1B312E2600099A37 /* Release */ = {
			isa = XCBuildConfiguration;
			buildSettings = {
				ASSETCATALOG_COMPILER_APPICON_NAME = AppIcon;
				INFOPLIST_FILE = Goal_app/Info.plist;
				LD_RUNPATH_SEARCH_PATHS = "$(inherited) @executable_path/Frameworks";
				PRODUCT_NAME = "$(TARGET_NAME)";
			};
			name = Release;
		};
		23537EE01B312E2600099A37 /* Debug */ = {
			isa = XCBuildConfiguration;
			buildSettings = {
				BUNDLE_LOADER = "$(TEST_HOST)";
				FRAMEWORK_SEARCH_PATHS = (
					"$(SDKROOT)/Developer/Library/Frameworks",
					"$(inherited)",
				);
				GCC_PREPROCESSOR_DEFINITIONS = (
					"DEBUG=1",
					"$(inherited)",
				);
				INFOPLIST_FILE = Goal_appTests/Info.plist;
				LD_RUNPATH_SEARCH_PATHS = "$(inherited) @executable_path/Frameworks @loader_path/Frameworks";
				PRODUCT_NAME = "$(TARGET_NAME)";
				TEST_HOST = "$(BUILT_PRODUCTS_DIR)/Goal_app.app/Goal_app";
			};
			name = Debug;
		};
		23537EE11B312E2600099A37 /* Release */ = {
			isa = XCBuildConfiguration;
			buildSettings = {
				BUNDLE_LOADER = "$(TEST_HOST)";
				FRAMEWORK_SEARCH_PATHS = (
					"$(SDKROOT)/Developer/Library/Frameworks",
					"$(inherited)",
				);
				INFOPLIST_FILE = Goal_appTests/Info.plist;
				LD_RUNPATH_SEARCH_PATHS = "$(inherited) @executable_path/Frameworks @loader_path/Frameworks";
				PRODUCT_NAME = "$(TARGET_NAME)";
				TEST_HOST = "$(BUILT_PRODUCTS_DIR)/Goal_app.app/Goal_app";
			};
			name = Release;
		};
/* End XCBuildConfiguration section */

/* Begin XCConfigurationList section */
		23537EB81B312E2600099A37 /* Build configuration list for PBXProject "Goal_app" */ = {
			isa = XCConfigurationList;
			buildConfigurations = (
				23537EDA1B312E2600099A37 /* Debug */,
				23537EDB1B312E2600099A37 /* Release */,
			);
			defaultConfigurationIsVisible = 0;
			defaultConfigurationName = Release;
		};
		23537EDC1B312E2600099A37 /* Build configuration list for PBXNativeTarget "Goal_app" */ = {
			isa = XCConfigurationList;
			buildConfigurations = (
				23537EDD1B312E2600099A37 /* Debug */,
				23537EDE1B312E2600099A37 /* Release */,
			);
			defaultConfigurationIsVisible = 0;
		};
		23537EDF1B312E2600099A37 /* Build configuration list for PBXNativeTarget "Goal_appTests" */ = {
			isa = XCConfigurationList;
			buildConfigurations = (
				23537EE01B312E2600099A37 /* Debug */,
				23537EE11B312E2600099A37 /* Release */,
			);
			defaultConfigurationIsVisible = 0;
		};
/* End XCConfigurationList section */
	};
	rootObject = 23537EB51B312E2600099A37 /* Project object */;
}
